
Microsoft Visual Studio Solution File, Format Version 12.00
# Visual Studio Version 17
VisualStudioVersion = 17.9.34902.65
MinimumVisualStudioVersion = 10.0.40219.1
Project("{9A19103F-16F7-4668-BE54-9A1E7A4F7556}") = "Alura_HelloWordEmC", "Alura_HelloWordEmC\Alura_HelloWordEmC.csproj", "{37A81E9B-663A-4F0D-BC3F-78C50010C729}"
EndProject
Project("{9A19103F-16F7-4668-BE54-9A1E7A4F7556}") = "AluraCriandoVariaveis", "AluraCriandoVariaveis\AluraCriandoVariaveis.csproj", "{72236C08-0DD6-49C8-83B0-30D1AFE0510F}"
EndProject
Project("{9A19103F-16F7-4668-BE54-9A1E7A4F7556}") = "ScreenSound", "ScreenSound\ScreenSound.csproj", "{6F1BAF28-4A17-4115-94D2-2E650B743B9B}"
EndProject
Project("{2150E333-8FDC-42A3-9474-1A3956D46DE8}") = "OOP", "OOP", "{1F07C969-E761-450A-A215-0F2D9D2B3E94}"
EndProject
Project("{FAE04EC0-301F-11D3-BF4B-00C04F79EFBC}") = "OOPDotnet", "OOPDotnet\OOPDotnet.csproj", "{7FB72778-0E61-42AE-B646-DA13BA967858}"
EndProject
Global
	GlobalSection(SolutionConfigurationPlatforms) = preSolution
		Debug|Any CPU = Debug|Any CPU
		Release|Any CPU = Release|Any CPU
	EndGlobalSection
	GlobalSection(ProjectConfigurationPlatforms) = postSolution
		{37A81E9B-663A-4F0D-BC3F-78C50010C729}.Debug|Any CPU.ActiveCfg = Debug|Any CPU
		{37A81E9B-663A-4F0D-BC3F-78C50010C729}.Debug|Any CPU.Build.0 = Debug|Any CPU
		{37A81E9B-663A-4F0D-BC3F-78C50010C729}.Release|Any CPU.ActiveCfg = Release|Any CPU
		{37A81E9B-663A-4F0D-BC3F-78C50010C729}.Release|Any CPU.Build.0 = Release|Any CPU
		{72236C08-0DD6-49C8-83B0-30D1AFE0510F}.Debug|Any CPU.ActiveCfg = Debug|Any CPU
		{72236C08-0DD6-49C8-83B0-30D1AFE0510F}.Debug|Any CPU.Build.0 = Debug|Any CPU
		{72236C08-0DD6-49C8-83B0-30D1AFE0510F}.Release|Any CPU.ActiveCfg = Release|Any CPU
		{72236C08-0DD6-49C8-83B0-30D1AFE0510F}.Release|Any CPU.Build.0 = Release|Any CPU
		{6F1BAF28-4A17-4115-94D2-2E650B743B9B}.Debug|Any CPU.ActiveCfg = Debug|Any CPU
		{6F1BAF28-4A17-4115-94D2-2E650B743B9B}.Debug|Any CPU.Build.0 = Debug|Any CPU
		{6F1BAF28-4A17-4115-94D2-2E650B743B9B}.Release|Any CPU.ActiveCfg = Release|Any CPU
		{6F1BAF28-4A17-4115-94D2-2E650B743B9B}.Release|Any CPU.Build.0 = Release|Any CPU
		{7FB72778-0E61-42AE-B646-DA13BA967858}.Debug|Any CPU.ActiveCfg = Debug|Any CPU
		{7FB72778-0E61-42AE-B646-DA13BA967858}.Debug|Any CPU.Build.0 = Debug|Any CPU
		{7FB72778-0E61-42AE-B646-DA13BA967858}.Release|Any CPU.ActiveCfg = Release|Any CPU
		{7FB72778-0E61-42AE-B646-DA13BA967858}.Release|Any CPU.Build.0 = Release|Any CPU
	EndGlobalSection
	GlobalSection(SolutionProperties) = preSolution
		HideSolutionNode = FALSE
	EndGlobalSection
	GlobalSection(NestedProjects) = preSolution
		{7FB72778-0E61-42AE-B646-DA13BA967858} = {1F07C969-E761-450A-A215-0F2D9D2B3E94}
	EndGlobalSection
	GlobalSection(ExtensibilityGlobals) = postSolution
		SolutionGuid = {5AF54EEF-9BF0-4126-8220-C7241BB0E54A}
	EndGlobalSection
EndGlobal
